
Microsoft Visual Studio Solution File, Format Version 11.00
# Visual Basic Express 2010
Project("{F184B08F-C81C-45F6-A57F-5ABD9991F28F}") = "PV_Solar_Feasability", "PV_Solar_Feasability\PV_Solar_Feasability.vbproj", "{06EE56DE-13CF-40E8-A7F5-8F5885FD9450}"
EndProject
Global
	GlobalSection(SolutionConfigurationPlatforms) = preSolution
		Debug|Any CPU = Debug|Any CPU
		Release|Any CPU = Release|Any CPU
	EndGlobalSection
	GlobalSection(ProjectConfigurationPlatforms) = postSolution
		{06EE56DE-13CF-40E8-A7F5-8F5885FD9450}.Debug|Any CPU.ActiveCfg = Debug|Any CPU
		{06EE56DE-13CF-40E8-A7F5-8F5885FD9450}.Debug|Any CPU.Build.0 = Debug|Any CPU
		{06EE56DE-13CF-40E8-A7F5-8F5885FD9450}.Release|Any CPU.ActiveCfg = Release|Any CPU
		{06EE56DE-13CF-40E8-A7F5-8F5885FD9450}.Release|Any CPU.Build.0 = Release|Any CPU
	EndGlobalSection
	GlobalSection(SolutionProperties) = preSolution
		HideSolutionNode = FALSE
	EndGlobalSection
EndGlobal
